
Microsoft Visual Studio Solution File, Format Version 12.00
# Visual Studio 14
VisualStudioVersion = 14.0.25420.1
MinimumVisualStudioVersion = 10.0.40219.1
Project("{FAE04EC0-301F-11D3-BF4B-00C04F79EFBC}") = "CalciLib", "CalciLib\CalciLib.csproj", "{51293FD3-7BF3-4989-A88C-A70AA8508E1B}"
EndProject
Project("{FAE04EC0-301F-11D3-BF4B-00C04F79EFBC}") = "CalciLibTest", "CalciLibTest\CalciLibTest.csproj", "{CB4E522A-4854-4C8A-97BB-01239CBB2187}"
EndProject
Project("{FAE04EC0-301F-11D3-BF4B-00C04F79EFBC}") = "ConsoleClient", "ConsoleClient\ConsoleClient.csproj", "{4D05FFED-27E5-4EFB-AD22-39B1E4E4DDE1}"
EndProject
Global
	GlobalSection(SolutionConfigurationPlatforms) = preSolution
		Debug|Any CPU = Debug|Any CPU
		Release|Any CPU = Release|Any CPU
	EndGlobalSection
	GlobalSection(ProjectConfigurationPlatforms) = postSolution
		{51293FD3-7BF3-4989-A88C-A70AA8508E1B}.Debug|Any CPU.ActiveCfg = Debug|Any CPU
		{51293FD3-7BF3-4989-A88C-A70AA8508E1B}.Debug|Any CPU.Build.0 = Debug|Any CPU
		{51293FD3-7BF3-4989-A88C-A70AA8508E1B}.Release|Any CPU.ActiveCfg = Release|Any CPU
		{51293FD3-7BF3-4989-A88C-A70AA8508E1B}.Release|Any CPU.Build.0 = Release|Any CPU
		{CB4E522A-4854-4C8A-97BB-01239CBB2187}.Debug|Any CPU.ActiveCfg = Debug|Any CPU
		{CB4E522A-4854-4C8A-97BB-01239CBB2187}.Debug|Any CPU.Build.0 = Debug|Any CPU
		{CB4E522A-4854-4C8A-97BB-01239CBB2187}.Release|Any CPU.ActiveCfg = Release|Any CPU
		{CB4E522A-4854-4C8A-97BB-01239CBB2187}.Release|Any CPU.Build.0 = Release|Any CPU
		{4D05FFED-27E5-4EFB-AD22-39B1E4E4DDE1}.Debug|Any CPU.ActiveCfg = Debug|Any CPU
		{4D05FFED-27E5-4EFB-AD22-39B1E4E4DDE1}.Debug|Any CPU.Build.0 = Debug|Any CPU
		{4D05FFED-27E5-4EFB-AD22-39B1E4E4DDE1}.Release|Any CPU.ActiveCfg = Release|Any CPU
		{4D05FFED-27E5-4EFB-AD22-39B1E4E4DDE1}.Release|Any CPU.Build.0 = Release|Any CPU
	EndGlobalSection
	GlobalSection(SolutionProperties) = preSolution
		HideSolutionNode = FALSE
	EndGlobalSection
EndGlobal
