
Microsoft Visual Studio Solution File, Format Version 12.00
# Visual Studio 14
VisualStudioVersion = 14.0.25420.1
MinimumVisualStudioVersion = 10.0.40219.1
Project("{FAE04EC0-301F-11D3-BF4B-00C04F79EFBC}") = "OCPViolation", "OCPViolation\OCPViolation.csproj", "{92A6F71C-F85C-472C-B7F8-A7403B100F35}"
EndProject
Project("{FAE04EC0-301F-11D3-BF4B-00C04F79EFBC}") = "OCPSolution", "OCPSolution\OCPSolution.csproj", "{8F87DA7E-5E68-45B1-BBD0-756549566B36}"
EndProject
Project("{FAE04EC0-301F-11D3-BF4B-00C04F79EFBC}") = "OCPSolution2", "OCPSolution2\OCPSolution2.csproj", "{D91BA2D5-CC4A-402B-8843-0A2F98CD8859}"
EndProject
Global
	GlobalSection(SolutionConfigurationPlatforms) = preSolution
		Debug|Any CPU = Debug|Any CPU
		Release|Any CPU = Release|Any CPU
	EndGlobalSection
	GlobalSection(ProjectConfigurationPlatforms) = postSolution
		{92A6F71C-F85C-472C-B7F8-A7403B100F35}.Debug|Any CPU.ActiveCfg = Debug|Any CPU
		{92A6F71C-F85C-472C-B7F8-A7403B100F35}.Debug|Any CPU.Build.0 = Debug|Any CPU
		{92A6F71C-F85C-472C-B7F8-A7403B100F35}.Release|Any CPU.ActiveCfg = Release|Any CPU
		{92A6F71C-F85C-472C-B7F8-A7403B100F35}.Release|Any CPU.Build.0 = Release|Any CPU
		{8F87DA7E-5E68-45B1-BBD0-756549566B36}.Debug|Any CPU.ActiveCfg = Debug|Any CPU
		{8F87DA7E-5E68-45B1-BBD0-756549566B36}.Debug|Any CPU.Build.0 = Debug|Any CPU
		{8F87DA7E-5E68-45B1-BBD0-756549566B36}.Release|Any CPU.ActiveCfg = Release|Any CPU
		{8F87DA7E-5E68-45B1-BBD0-756549566B36}.Release|Any CPU.Build.0 = Release|Any CPU
		{D91BA2D5-CC4A-402B-8843-0A2F98CD8859}.Debug|Any CPU.ActiveCfg = Debug|Any CPU
		{D91BA2D5-CC4A-402B-8843-0A2F98CD8859}.Debug|Any CPU.Build.0 = Debug|Any CPU
		{D91BA2D5-CC4A-402B-8843-0A2F98CD8859}.Release|Any CPU.ActiveCfg = Release|Any CPU
		{D91BA2D5-CC4A-402B-8843-0A2F98CD8859}.Release|Any CPU.Build.0 = Release|Any CPU
	EndGlobalSection
	GlobalSection(SolutionProperties) = preSolution
		HideSolutionNode = FALSE
	EndGlobalSection
EndGlobal
