
Microsoft Visual Studio Solution File, Format Version 12.00
# Visual Studio 14
VisualStudioVersion = 14.0.25420.1
MinimumVisualStudioVersion = 10.0.40219.1
Project("{FAE04EC0-301F-11D3-BF4B-00C04F79EFBC}") = "AccountPublisherLib", "AccountPublisherLib\AccountPublisherLib.csproj", "{4F1D9457-3474-4170-9265-DCB7CF258073}"
EndProject
Project("{FAE04EC0-301F-11D3-BF4B-00C04F79EFBC}") = "SubscriberApp", "SubscriberApp\SubscriberApp.csproj", "{F420B47A-BCB0-4A3D-A3F1-20BE741B7EE6}"
EndProject
Global
	GlobalSection(SolutionConfigurationPlatforms) = preSolution
		Debug|Any CPU = Debug|Any CPU
		Release|Any CPU = Release|Any CPU
	EndGlobalSection
	GlobalSection(ProjectConfigurationPlatforms) = postSolution
		{4F1D9457-3474-4170-9265-DCB7CF258073}.Debug|Any CPU.ActiveCfg = Debug|Any CPU
		{4F1D9457-3474-4170-9265-DCB7CF258073}.Debug|Any CPU.Build.0 = Debug|Any CPU
		{4F1D9457-3474-4170-9265-DCB7CF258073}.Release|Any CPU.ActiveCfg = Release|Any CPU
		{4F1D9457-3474-4170-9265-DCB7CF258073}.Release|Any CPU.Build.0 = Release|Any CPU
		{F420B47A-BCB0-4A3D-A3F1-20BE741B7EE6}.Debug|Any CPU.ActiveCfg = Debug|Any CPU
		{F420B47A-BCB0-4A3D-A3F1-20BE741B7EE6}.Debug|Any CPU.Build.0 = Debug|Any CPU
		{F420B47A-BCB0-4A3D-A3F1-20BE741B7EE6}.Release|Any CPU.ActiveCfg = Release|Any CPU
		{F420B47A-BCB0-4A3D-A3F1-20BE741B7EE6}.Release|Any CPU.Build.0 = Release|Any CPU
	EndGlobalSection
	GlobalSection(SolutionProperties) = preSolution
		HideSolutionNode = FALSE
	EndGlobalSection
EndGlobal
